# THIS IS AN AUTOGENERATED FILE. DO NOT EDIT THIS FILE DIRECTLY.
# yarn lockfile v1


"@esbuild/android-arm64@0.18.18":
  version "0.18.18"
  resolved "https://registry.yarnpkg.com/@esbuild/android-arm64/-/android-arm64-0.18.18.tgz#a52e0a1276065b1bf6b2de45b482cf36b6b945bd"
  integrity sha512-dkAPYzRHq3dNXIzOyAknYOzsx8o3KWaNiuu56B2rP9IFPmFWMS58WQcTlUQi6iloku8ZyHHMluCe5sTWhKq/Yw==

"@esbuild/android-arm@0.18.18":
  version "0.18.18"
  resolved "https://registry.yarnpkg.com/@esbuild/android-arm/-/android-arm-0.18.18.tgz#ffd591b956ced1c96e1224edfbed1001adadf2ae"
  integrity sha512-oBymf7ZwplAawSxmiSlBCf+FMcY0f4bs5QP2jn43JKUf0M9DnrUTjqa5RvFPl1elw+sMfcpfBRPK+rb+E1q7zg==

"@esbuild/android-x64@0.18.18":
  version "0.18.18"
  resolved "https://registry.yarnpkg.com/@esbuild/android-x64/-/android-x64-0.18.18.tgz#6e8a7b41fc80265849e0a1de928fe162b27990c7"
  integrity sha512-r7/pVcrUQMYkjvtE/1/n6BxhWM+/9tvLxDG1ev1ce4z3YsqoxMK9bbOM6bFcj0BowMeGQvOZWcBV182lFFKmrw==

"@esbuild/darwin-arm64@0.18.18":
  version "0.18.18"
  resolved "https://registry.yarnpkg.com/@esbuild/darwin-arm64/-/darwin-arm64-0.18.18.tgz#36755dc44cefac6c56e82ed3b67f9d457ca27156"
  integrity sha512-MSe2iV9MAH3wfP0g+vzN9bp36rtPPuCSk+bT5E2vv/d8krvW5uB/Pi/Q5+txUZuxsG3GcO8dhygjnFq0wJU9hQ==

"@esbuild/darwin-x64@0.18.18":
  version "0.18.18"
  resolved "https://registry.yarnpkg.com/@esbuild/darwin-x64/-/darwin-x64-0.18.18.tgz#8aa691d0cbd3fb67f9f9083375c0c72e0463b8b2"
  integrity sha512-ARFYISOWkaifjcr48YtO70gcDNeOf1H2RnmOj6ip3xHIj66f3dAbhcd5Nph5np6oHI7DhHIcr9MWO18RvUL1bw==

"@esbuild/freebsd-arm64@0.18.18":
  version "0.18.18"
  resolved "https://registry.yarnpkg.com/@esbuild/freebsd-arm64/-/freebsd-arm64-0.18.18.tgz#0aafde382df508d7863360950d5f491c07024806"
  integrity sha512-BHnXmexzEWRU2ZySJosU0Ts0NRnJnNrMB6t4EiIaOSel73I8iLsNiTPLH0rJulAh19cYZutsB5XHK6N8fi5eMg==

"@esbuild/freebsd-x64@0.18.18":
  version "0.18.18"
  resolved "https://registry.yarnpkg.com/@esbuild/freebsd-x64/-/freebsd-x64-0.18.18.tgz#f00e54a3b65824ac3c749173bec9cd56d95fe73b"
  integrity sha512-n823w35wm0ZOobbuE//0sJjuz1Qj619+AwjgOcAJMN2pomZhH9BONCtn+KlfrmM/NWZ+27yB/eGVFzUIWLeh3w==

"@esbuild/linux-arm64@0.18.18":
  version "0.18.18"
  resolved "https://registry.yarnpkg.com/@esbuild/linux-arm64/-/linux-arm64-0.18.18.tgz#e04203429670257126a1bfee79bbd56448b24f5e"
  integrity sha512-zANxnwF0sCinDcAqoMohGoWBK9QaFJ65Vgh0ZE+RXtURaMwx+RfmfLElqtnn7X8OYNckMoIXSg7u+tZ3tqTlrA==

"@esbuild/linux-arm@0.18.18":
  version "0.18.18"
  resolved "https://registry.yarnpkg.com/@esbuild/linux-arm/-/linux-arm-0.18.18.tgz#863236dc47df2269f860001ca5c5ff50931e9933"
  integrity sha512-Kck3jxPLQU4VeAGwe8Q4NU+IWIx+suULYOFUI9T0C2J1+UQlOHJ08ITN+MaJJ+2youzJOmKmcphH/t3SJxQ1Tw==

"@esbuild/linux-ia32@0.18.18":
  version "0.18.18"
  resolved "https://registry.yarnpkg.com/@esbuild/linux-ia32/-/linux-ia32-0.18.18.tgz#9ef6c7eeb8c86c5c1b7234a9684c6f45cbc2ed57"
  integrity sha512-+VHz2sIRlY5u8IlaLJpdf5TL2kM76yx186pW7bpTB+vLWpzcFQVP04L842ZB2Ty13A1VXUvy3DbU1jV65P2skg==

"@esbuild/linux-loong64@0.18.18":
  version "0.18.18"
  resolved "https://registry.yarnpkg.com/@esbuild/linux-loong64/-/linux-loong64-0.18.18.tgz#dca8624674924ac92c9e56399af160479283f130"
  integrity sha512-fXPEPdeGBvguo/1+Na8OIWz3667BN1cwbGtTEZWTd0qdyTsk5gGf9jVX8MblElbDb/Cpw6y5JiaQuL96YmvBwQ==

"@esbuild/linux-mips64el@0.18.18":
  version "0.18.18"
  resolved "https://registry.yarnpkg.com/@esbuild/linux-mips64el/-/linux-mips64el-0.18.18.tgz#e6525b60ae9d8c3bdc652a773e6ebf66caa3fdd3"
  integrity sha512-dLvRB87pIBIRnEIC32LIcgwK1JzlIuADIRjLKdUIpxauKwMuS/xMpN+cFl+0nN4RHNYOZ57DmXFFmQAcdlFOmw==

"@esbuild/linux-ppc64@0.18.18":
  version "0.18.18"
  resolved "https://registry.yarnpkg.com/@esbuild/linux-ppc64/-/linux-ppc64-0.18.18.tgz#2ea6a4e0c6b0db21770d2c3c1525623dceadfe46"
  integrity sha512-fRChqIJZ7hLkXSKfBLYgsX9Ssb5OGCjk3dzCETF5QSS1qjTgayLv0ALUdJDB9QOh/nbWwp+qfLZU6md4XcjL7w==

"@esbuild/linux-riscv64@0.18.18":
  version "0.18.18"
  resolved "https://registry.yarnpkg.com/@esbuild/linux-riscv64/-/linux-riscv64-0.18.18.tgz#296c25d5bdeb3bab9ca79ad5279a8cc0a42fbeea"
  integrity sha512-ALK/BT3u7Hoa/vHjow6W6+MKF0ohYcVcVA1EpskI4bkBPVuDLrUDqt2YFifg5UcZc8qup0CwQqWmFUd6VMNgaA==

"@esbuild/linux-s390x@0.18.18":
  version "0.18.18"
  resolved "https://registry.yarnpkg.com/@esbuild/linux-s390x/-/linux-s390x-0.18.18.tgz#bec4e9c982e778c51deaa754e1ed3f0546705647"
  integrity sha512-crT7jtOXd9iirY65B+mJQ6W0HWdNy8dtkZqKGWNcBnunpLcTCfne5y5bKic9bhyYzKpQEsO+C/VBPD8iF0RhRw==

"@esbuild/linux-x64@0.18.18":
  version "0.18.18"
  resolved "https://registry.yarnpkg.com/@esbuild/linux-x64/-/linux-x64-0.18.18.tgz#22c9666920d3b7ef453289516ccff1c3ecbfdddd"
  integrity sha512-/NSgghjBOW9ELqjXDYxOCCIsvQUZpvua1/6NdnA9Vnrp9UzEydyDdFXljUjMMS9p5KxMzbMO9frjHYGVHBfCHg==

"@esbuild/netbsd-x64@0.18.18":
  version "0.18.18"
  resolved "https://registry.yarnpkg.com/@esbuild/netbsd-x64/-/netbsd-x64-0.18.18.tgz#99b6125868c5ba8f0131bacc3f2bd05918245f45"
  integrity sha512-8Otf05Vx5sZjLLDulgr5QS5lsWXMplKZEyHMArH9/S4olLlhzmdhQBPhzhJTNwaL2FJNdWcUPNGAcoD5zDTfUA==

"@esbuild/openbsd-x64@0.18.18":
  version "0.18.18"
  resolved "https://registry.yarnpkg.com/@esbuild/openbsd-x64/-/openbsd-x64-0.18.18.tgz#c2685bdd1e5aa11be1e212db371f474812a9b158"
  integrity sha512-tFiFF4kT5L5qhVrWJUNxEXWvvX8nK/UX9ZrB7apuTwY3f6+Xy4aFMBPwAVrBYtBd5MOUuyOVHK6HBZCAHkwUlw==

"@esbuild/sunos-x64@0.18.18":
  version "0.18.18"
  resolved "https://registry.yarnpkg.com/@esbuild/sunos-x64/-/sunos-x64-0.18.18.tgz#277b2f5727119fe3004e673eb9f6ead0b4ff0738"
  integrity sha512-MPogVV8Bzh8os4OM+YDGGsSzCzmNRiyKGtHoJyZLtI4BMmd6EcxmGlcEGK1uM46h1BiOyi7Z7teUtzzQhvkC+w==

"@esbuild/win32-arm64@0.18.18":
  version "0.18.18"
  resolved "https://registry.yarnpkg.com/@esbuild/win32-arm64/-/win32-arm64-0.18.18.tgz#e94d9e6d058e0ccb92d858badd4a6aa74772150e"
  integrity sha512-YKD6LF/XXY9REu+ZL5RAsusiG48n602qxsMVh/E8FFD9hp4OyTQaL9fpE1ovxwQXqFio+tT0ITUGjDSSSPN13w==

"@esbuild/win32-ia32@0.18.18":
  version "0.18.18"
  resolved "https://registry.yarnpkg.com/@esbuild/win32-ia32/-/win32-ia32-0.18.18.tgz#454916b1d0b85d2f82252192ae7bd5ea65c98ea1"
  integrity sha512-NjSBmBsyZBTsZB6ga6rA6PfG/RHnwruUz/9YEVXcm4STGauFWvhYhOMhEyw1yU5NVgYYm8CH5AltCm77TS21/Q==

"@esbuild/win32-x64@0.18.18":
  version "0.18.18"
  resolved "https://registry.yarnpkg.com/@esbuild/win32-x64/-/win32-x64-0.18.18.tgz#914c007ab1dbd28ca84e79ee666adeee6ccf92b4"
  integrity sha512-eTSg/gC3p3tdjj4roDhe5xu94l1s2jMazP8u2FsYO8SEKvSpPOO71EucprDn/IuErDPvTFUhV9lTw5z5WJCRKQ==

esbuild@^0.18.10:
  version "0.18.18"
  resolved "https://registry.yarnpkg.com/esbuild/-/esbuild-0.18.18.tgz#196838a905c7068d1c1653b04f2c5dfdb68ef927"
  integrity sha512-UckDPWvdVJLNT0npk5AMTpVwGRQhS76rWFLmHwEtgNvWlR9sgVV1eyc/oeBtM86q9s8ABBLMmm0CwNxhVemOiw==
  optionalDependencies:
    "@esbuild/android-arm" "0.18.18"
    "@esbuild/android-arm64" "0.18.18"
    "@esbuild/android-x64" "0.18.18"
    "@esbuild/darwin-arm64" "0.18.18"
    "@esbuild/darwin-x64" "0.18.18"
    "@esbuild/freebsd-arm64" "0.18.18"
    "@esbuild/freebsd-x64" "0.18.18"
    "@esbuild/linux-arm" "0.18.18"
    "@esbuild/linux-arm64" "0.18.18"
    "@esbuild/linux-ia32" "0.18.18"
    "@esbuild/linux-loong64" "0.18.18"
    "@esbuild/linux-mips64el" "0.18.18"
    "@esbuild/linux-ppc64" "0.18.18"
    "@esbuild/linux-riscv64" "0.18.18"
    "@esbuild/linux-s390x" "0.18.18"
    "@esbuild/linux-x64" "0.18.18"
    "@esbuild/netbsd-x64" "0.18.18"
    "@esbuild/openbsd-x64" "0.18.18"
    "@esbuild/sunos-x64" "0.18.18"
    "@esbuild/win32-arm64" "0.18.18"
    "@esbuild/win32-ia32" "0.18.18"
    "@esbuild/win32-x64" "0.18.18"

fsevents@~2.3.2:
  version "2.3.2"
  resolved "https://registry.yarnpkg.com/fsevents/-/fsevents-2.3.2.tgz#8a526f78b8fdf4623b709e0b975c52c24c02fd1a"
  integrity sha512-xiqMQR4xAeHTuB9uWm+fFRcIOgKBMiOBP+eXiyT7jsgVCq1bkVygt00oASowB7EdtpOHaaPgKt812P9ab+DDKA==

nanoid@^3.3.6:
  version "3.3.6"
  resolved "https://registry.yarnpkg.com/nanoid/-/nanoid-3.3.6.tgz#443380c856d6e9f9824267d960b4236ad583ea4c"
  integrity sha512-BGcqMMJuToF7i1rt+2PWSNVnWIkGCU78jBG3RxO/bZlnZPK2Cmi2QaffxGO/2RvWi9sL+FAiRiXMgsyxQ1DIDA==

picocolors@^1.0.0:
  version "1.0.0"
  resolved "https://registry.yarnpkg.com/picocolors/-/picocolors-1.0.0.tgz#cb5bdc74ff3f51892236eaf79d68bc44564ab81c"
  integrity sha512-1fygroTLlHu66zi26VoTDv8yRgm0Fccecssto+MhsZ0D/DGW2sm8E8AjW7NU5VVTRt5GxbeZ5qBuJr+HyLYkjQ==

postcss@^8.4.26:
  version "8.4.27"
  resolved "https://registry.yarnpkg.com/postcss/-/postcss-8.4.27.tgz#234d7e4b72e34ba5a92c29636734349e0d9c3057"
  integrity sha512-gY/ACJtJPSmUFPDCHtX78+01fHa64FaU4zaaWfuh1MhGJISufJAH4cun6k/8fwsHYeK4UQmENQK+tRLCFJE8JQ==
  dependencies:
    nanoid "^3.3.6"
    picocolors "^1.0.0"
    source-map-js "^1.0.2"

rollup@^3.25.2:
  version "3.27.2"
  resolved "https://registry.yarnpkg.com/rollup/-/rollup-3.27.2.tgz#59adc973504408289be89e5978e938ce852c9520"
  integrity sha512-YGwmHf7h2oUHkVBT248x0yt6vZkYQ3/rvE5iQuVBh3WO8GcJ6BNeOkpoX1yMHIiBm18EMLjBPIoUDkhgnyxGOQ==
  optionalDependencies:
    fsevents "~2.3.2"

source-map-js@^1.0.2:
  version "1.0.2"
  resolved "https://registry.yarnpkg.com/source-map-js/-/source-map-js-1.0.2.tgz#adbc361d9c62df380125e7f161f71c826f1e490c"
  integrity sha512-R0XvVJ9WusLiqTCEiGCmICCMplcCkIwwR11mOSD9CR5u+IXYdiseeEuXCVAjS54zqwkLcPNnmU4OeJ6tUrWhDw==

vite@^4.4.8:
  version "4.4.8"
  resolved "https://registry.yarnpkg.com/vite/-/vite-4.4.8.tgz#31e4a438f8748695c68bd57ffd262ba93540fdf7"
  integrity sha512-LONawOUUjxQridNWGQlNizfKH89qPigK36XhMI7COMGztz8KNY0JHim7/xDd71CZwGT4HtSRgI7Hy+RlhG0Gvg==
  dependencies:
    esbuild "^0.18.10"
    postcss "^8.4.26"
    rollup "^3.25.2"
  optionalDependencies:
    fsevents "~2.3.2"
